// !$*UTF8*$!
{
	archiveVersion = 1;
	classes = {
	};
	objectVersion = 46;
	objects = {

/* Begin PBXBuildFile section */
		246F8F581C21DC6E00D7B563 /* AppDelegate.swift in Sources */ = {isa = PBXBuildFile; fileRef = 246F8F571C21DC6E00D7B563 /* AppDelegate.swift */; };
		246F8F5A1C21DC6E00D7B563 /* ViewController.swift in Sources */ = {isa = PBXBuildFile; fileRef = 246F8F591C21DC6E00D7B563 /* ViewController.swift */; };
		246F8F5D1C21DC6E00D7B563 /* Main.storyboard in Resources */ = {isa = PBXBuildFile; fileRef = 246F8F5B1C21DC6E00D7B563 /* Main.storyboard */; };
		246F8F5F1C21DC6E00D7B563 /* Assets.xcassets in Resources */ = {isa = PBXBuildFile; fileRef = 246F8F5E1C21DC6E00D7B563 /* Assets.xcassets */; };
		246F8F621C21DC6E00D7B563 /* LaunchScreen.storyboard in Resources */ = {isa = PBXBuildFile; fileRef = 246F8F601C21DC6E00D7B563 /* LaunchScreen.storyboard */; };
		246F8F6D1C21DC6F00D7B563 /* TipperTests.swift in Sources */ = {isa = PBXBuildFile; fileRef = 246F8F6C1C21DC6F00D7B563 /* TipperTests.swift */; };
		246F8F781C21DC6F00D7B563 /* TipperUITests.swift in Sources */ = {isa = PBXBuildFile; fileRef = 246F8F771C21DC6F00D7B563 /* TipperUITests.swift */; };
		246F8F901C221D4C00D7B563 /* SettingsViewController.swift in Sources */ = {isa = PBXBuildFile; fileRef = 246F8F8F1C221D4C00D7B563 /* SettingsViewController.swift */; };
		246F8F921C22423D00D7B563 /* Images.xcassets in Resources */ = {isa = PBXBuildFile; fileRef = 246F8F911C22423D00D7B563 /* Images.xcassets */; };
/* End PBXBuildFile section */

/* Begin PBXContainerItemProxy section */
		246F8F691C21DC6F00D7B563 /* PBXContainerItemProxy */ = {
			isa = PBXContainerItemProxy;
			containerPortal = 246F8F4C1C21DC6C00D7B563 /* Project object */;
			proxyType = 1;
			remoteGlobalIDString = 246F8F531C21DC6E00D7B563;
			remoteInfo = Tipper;
		};
		246F8F741C21DC6F00D7B563 /* PBXContainerItemProxy */ = {
			isa = PBXContainerItemProxy;
			containerPortal = 246F8F4C1C21DC6C00D7B563 /* Project object */;
			proxyType = 1;
			remoteGlobalIDString = 246F8F531C21DC6E00D7B563;
			remoteInfo = Tipper;
		};
/* End PBXContainerItemProxy section */

/* Begin PBXFileReference section */
		246F8F541C21DC6E00D7B563 /* Tipper.app */ = {isa = PBXFileReference; explicitFileType = wrapper.application; includeInIndex = 0; path = Tipper.app; sourceTree = BUILT_PRODUCTS_DIR; };
		246F8F571C21DC6E00D7B563 /* AppDelegate.swift */ = {isa = PBXFileReference; lastKnownFileType = sourcecode.swift; path = AppDelegate.swift; sourceTree = "<group>"; };
		246F8F591C21DC6E00D7B563 /* ViewController.swift */ = {isa = PBXFileReference; lastKnownFileType = sourcecode.swift; path = ViewController.swift; sourceTree = "<group>"; };
		246F8F5C1C21DC6E00D7B563 /* Base */ = {isa = PBXFileReference; lastKnownFileType = file.storyboard; name = Base; path = Base.lproj/Main.storyboard; sourceTree = "<group>"; };
		246F8F5E1C21DC6E00D7B563 /* Assets.xcassets */ = {isa = PBXFileReference; lastKnownFileType = folder.assetcatalog; path = Assets.xcassets; sourceTree = "<group>"; };
		246F8F611C21DC6E00D7B563 /* Base */ = {isa = PBXFileReference; lastKnownFileType = file.storyboard; name = Base; path = Base.lproj/LaunchScreen.storyboard; sourceTree = "<group>"; };
		246F8F631C21DC6E00D7B563 /* Info.plist */ = {isa = PBXFileReference; lastKnownFileType = text.plist.xml; path = Info.plist; sourceTree = "<group>"; };
		246F8F681C21DC6F00D7B563 /* TipperTests.xctest */ = {isa = PBXFileReference; explicitFileType = wrapper.cfbundle; includeInIndex = 0; path = TipperTests.xctest; sourceTree = BUILT_PRODUCTS_DIR; };
		246F8F6C1C21DC6F00D7B563 /* TipperTests.swift */ = {isa = PBXFileReference; lastKnownFileType = sourcecode.swift; path = TipperTests.swift; sourceTree = "<group>"; };
		246F8F6E1C21DC6F00D7B563 /* Info.plist */ = {isa = PBXFileReference; lastKnownFileType = text.plist.xml; path = Info.plist; sourceTree = "<group>"; };
		246F8F731C21DC6F00D7B563 /* TipperUITests.xctest */ = {isa = PBXFileReference; explicitFileType = wrapper.cfbundle; includeInIndex = 0; path = TipperUITests.xctest; sourceTree = BUILT_PRODUCTS_DIR; };
		246F8F771C21DC6F00D7B563 /* TipperUITests.swift */ = {isa = PBXFileReference; lastKnownFileType = sourcecode.swift; path = TipperUITests.swift; sourceTree = "<group>"; };
		246F8F791C21DC6F00D7B563 /* Info.plist */ = {isa = PBXFileReference; lastKnownFileType = text.plist.xml; path = Info.plist; sourceTree = "<group>"; };
		246F8F8F1C221D4C00D7B563 /* SettingsViewController.swift */ = {isa = PBXFileReference; fileEncoding = 4; lastKnownFileType = sourcecode.swift; path = SettingsViewController.swift; sourceTree = "<group>"; };
		246F8F911C22423D00D7B563 /* Images.xcassets */ = {isa = PBXFileReference; lastKnownFileType = folder.assetcatalog; path = Images.xcassets; sourceTree = "<group>"; };
/* End PBXFileReference section */

/* Begin PBXFrameworksBuildPhase section */
		246F8F511C21DC6E00D7B563 /* Frameworks */ = {
			isa = PBXFrameworksBuildPhase;
			buildActionMask = 2147483647;
			files = (
			);
			runOnlyForDeploymentPostprocessing = 0;
		};
		246F8F651C21DC6F00D7B563 /* Frameworks */ = {
			isa = PBXFrameworksBuildPhase;
			buildActionMask = 2147483647;
			files = (
			);
			runOnlyForDeploymentPostprocessing = 0;
		};
		246F8F701C21DC6F00D7B563 /* Frameworks */ = {
			isa = PBXFrameworksBuildPhase;
			buildActionMask = 2147483647;
			files = (
			);
			runOnlyForDeploymentPostprocessing = 0;
		};
/* End PBXFrameworksBuildPhase section */

/* Begin PBXGroup section */
		246F8F4B1C21DC6C00D7B563 = {
			isa = PBXGroup;
			children = (
				246F8F561C21DC6E00D7B563 /* Tipper */,
				246F8F6B1C21DC6F00D7B563 /* TipperTests */,
				246F8F761C21DC6F00D7B563 /* TipperUITests */,
				246F8F551C21DC6E00D7B563 /* Products */,
			);
			sourceTree = "<group>";
		};
		246F8F551C21DC6E00D7B563 /* Products */ = {
			isa = PBXGroup;
			children = (
				246F8F541C21DC6E00D7B563 /* Tipper.app */,
				246F8F681C21DC6F00D7B563 /* TipperTests.xctest */,
				246F8F731C21DC6F00D7B563 /* TipperUITests.xctest */,
			);
			name = Products;
			sourceTree = "<group>";
		};
		246F8F561C21DC6E00D7B563 /* Tipper */ = {
			isa = PBXGroup;
			children = (
				246F8F571C21DC6E00D7B563 /* AppDelegate.swift */,
				246F8F591C21DC6E00D7B563 /* ViewController.swift */,
				246F8F5B1C21DC6E00D7B563 /* Main.storyboard */,
				246F8F8F1C221D4C00D7B563 /* SettingsViewController.swift */,
				246F8F5E1C21DC6E00D7B563 /* Assets.xcassets */,
				246F8F601C21DC6E00D7B563 /* LaunchScreen.storyboard */,
				246F8F631C21DC6E00D7B563 /* Info.plist */,
				246F8F911C22423D00D7B563 /* Images.xcassets */,
			);
			path = Tipper;
			sourceTree = "<group>";
		};
		246F8F6B1C21DC6F00D7B563 /* TipperTests */ = {
			isa = PBXGroup;
			children = (
				246F8F6C1C21DC6F00D7B563 /* TipperTests.swift */,
				246F8F6E1C21DC6F00D7B563 /* Info.plist */,
			);
			path = TipperTests;
			sourceTree = "<group>";
		};
		246F8F761C21DC6F00D7B563 /* TipperUITests */ = {
			isa = PBXGroup;
			children = (
				246F8F771C21DC6F00D7B563 /* TipperUITests.swift */,
				246F8F791C21DC6F00D7B563 /* Info.plist */,
			);
			path = TipperUITests;
			sourceTree = "<group>";
		};
/* End PBXGroup section */

/* Begin PBXNativeTarget section */
		246F8F531C21DC6E00D7B563 /* Tipper */ = {
			isa = PBXNativeTarget;
			buildConfigurationList = 246F8F7C1C21DC6F00D7B563 /* Build configuration list for PBXNativeTarget "Tipper" */;
			buildPhases = (
				246F8F501C21DC6E00D7B563 /* Sources */,
				246F8F511C21DC6E00D7B563 /* Frameworks */,
				246F8F521C21DC6E00D7B563 /* Resources */,
			);
			buildRules = (
			);
			dependencies = (
			);
			name = Tipper;
			productName = Tipper;
			productReference = 246F8F541C21DC6E00D7B563 /* Tipper.app */;
			productType = "com.apple.product-type.application";
		};
		246F8F671C21DC6F00D7B563 /* TipperTests */ = {
			isa = PBXNativeTarget;
			buildConfigurationList = 246F8F7F1C21DC6F00D7B563 /* Build configuration list for PBXNativeTarget "TipperTests" */;
			buildPhases = (
				246F8F641C21DC6F00D7B563 /* Sources */,
				246F8F651C21DC6F00D7B563 /* Frameworks */,
				246F8F661C21DC6F00D7B563 /* Resources */,
			);
			buildRules = (
			);
			dependencies = (
				246F8F6A1C21DC6F00D7B563 /* PBXTargetDependency */,
			);
			name = TipperTests;
			productName = TipperTests;
			productReference = 246F8F681C21DC6F00D7B563 /* TipperTests.xctest */;
			productType = "com.apple.product-type.bundle.unit-test";
		};
		246F8F721C21DC6F00D7B563 /* TipperUITests */ = {
			isa = PBXNativeTarget;
			buildConfigurationList = 246F8F821C21DC6F00D7B563 /* Build configuration list for PBXNativeTarget "TipperUITests" */;
			buildPhases = (
				246F8F6F1C21DC6F00D7B563 /* Sources */,
				246F8F701C21DC6F00D7B563 /* Frameworks */,
				246F8F711C21DC6F00D7B563 /* Resources */,
			);
			buildRules = (
			);
			dependencies = (
				246F8F751C21DC6F00D7B563 /* PBXTargetDependency */,
			);
			name = TipperUITests;
			productName = TipperUITests;
			productReference = 246F8F731C21DC6F00D7B563 /* TipperUITests.xctest */;
			productType = "com.apple.product-type.bundle.ui-testing";
		};
/* End PBXNativeTarget section */

/* Begin PBXProject section */
		246F8F4C1C21DC6C00D7B563 /* Project object */ = {
			isa = PBXProject;
			attributes = {
				LastSwiftUpdateCheck = 0720;
				LastUpgradeCheck = 0720;
				ORGANIZATIONNAME = "Jumper Legend Studios";
				TargetAttributes = {
					246F8F531C21DC6E00D7B563 = {
						CreatedOnToolsVersion = 7.2;
						DevelopmentTeam = 7892V9NF6Q;
					};
					246F8F671C21DC6F00D7B563 = {
						CreatedOnToolsVersion = 7.2;
						TestTargetID = 246F8F531C21DC6E00D7B563;
					};
					246F8F721C21DC6F00D7B563 = {
						CreatedOnToolsVersion = 7.2;
						TestTargetID = 246F8F531C21DC6E00D7B563;
					};
				};
			};
			buildConfigurationList = 246F8F4F1C21DC6C00D7B563 /* Build configuration list for PBXProject "Tipper" */;
			compatibilityVersion = "Xcode 3.2";
			developmentRegion = English;
			hasScannedForEncodings = 0;
			knownRegions = (
				en,
				Base,
			);
			mainGroup = 246F8F4B1C21DC6C00D7B563;
			productRefGroup = 246F8F551C21DC6E00D7B563 /* Products */;
			projectDirPath = "";
			projectRoot = "";
			targets = (
				246F8F531C21DC6E00D7B563 /* Tipper */,
				246F8F671C21DC6F00D7B563 /* TipperTests */,
				246F8F721C21DC6F00D7B563 /* TipperUITests */,
			);
		};
/* End PBXProject section */

/* Begin PBXResourcesBuildPhase section */
		246F8F521C21DC6E00D7B563 /* Resources */ = {
			isa = PBXResourcesBuildPhase;
			buildActionMask = 2147483647;
			files = (
				246F8F621C21DC6E00D7B563 /* LaunchScreen.storyboard in Resources */,
				246F8F921C22423D00D7B563 /* Images.xcassets in Resources */,
				246F8F5F1C21DC6E00D7B563 /* Assets.xcassets in Resources */,
				246F8F5D1C21DC6E00D7B563 /* Main.storyboard in Resources */,
			);
			runOnlyForDeploymentPostprocessing = 0;
		};
		246F8F661C21DC6F00D7B563 /* Resources */ = {
			isa = PBXResourcesBuildPhase;
			buildActionMask = 2147483647;
			files = (
			);
			runOnlyForDeploymentPostprocessing = 0;
		};
		246F8F711C21DC6F00D7B563 /* Resources */ = {
			isa = PBXResourcesBuildPhase;
			buildActionMask = 2147483647;
			files = (
			);
			runOnlyForDeploymentPostprocessing = 0;
		};
/* End PBXResourcesBuildPhase section */

/* Begin PBXSourcesBuildPhase section */
		246F8F501C21DC6E00D7B563 /* Sources */ = {
			isa = PBXSourcesBuildPhase;
			buildActionMask = 2147483647;
			files = (
				246F8F5A1C21DC6E00D7B563 /* ViewController.swift in Sources */,
				246F8F581C21DC6E00D7B563 /* AppDelegate.swift in Sources */,
				246F8F901C221D4C00D7B563 /* SettingsViewController.swift in Sources */,
			);
			runOnlyForDeploymentPostprocessing = 0;
		};
		246F8F641C21DC6F00D7B563 /* Sources */ = {
			isa = PBXSourcesBuildPhase;
			buildActionMask = 2147483647;
			files = (
				246F8F6D1C21DC6F00D7B563 /* TipperTests.swift in Sources */,
			);
			runOnlyForDeploymentPostprocessing = 0;
		};
		246F8F6F1C21DC6F00D7B563 /* Sources */ = {
			isa = PBXSourcesBuildPhase;
			buildActionMask = 2147483647;
			files = (
				246F8F781C21DC6F00D7B563 /* TipperUITests.swift in Sources */,
			);
			runOnlyForDeploymentPostprocessing = 0;
		};
/* End PBXSourcesBuildPhase section */

/* Begin PBXTargetDependency section */
		246F8F6A1C21DC6F00D7B563 /* PBXTargetDependency */ = {
			isa = PBXTargetDependency;
			target = 246F8F531C21DC6E00D7B563 /* Tipper */;
			targetProxy = 246F8F691C21DC6F00D7B563 /* PBXContainerItemProxy */;
		};
		246F8F751C21DC6F00D7B563 /* PBXTargetDependency */ = {
			isa = PBXTargetDependency;
			target = 246F8F531C21DC6E00D7B563 /* Tipper */;
			targetProxy = 246F8F741C21DC6F00D7B563 /* PBXContainerItemProxy */;
		};
/* End PBXTargetDependency section */

/* Begin PBXVariantGroup section */
		246F8F5B1C21DC6E00D7B563 /* Main.storyboard */ = {
			isa = PBXVariantGroup;
			children = (
				246F8F5C1C21DC6E00D7B563 /* Base */,
			);
			name = Main.storyboard;
			sourceTree = "<group>";
		};
		246F8F601C21DC6E00D7B563 /* LaunchScreen.storyboard */ = {
			isa = PBXVariantGroup;
			children = (
				246F8F611C21DC6E00D7B563 /* Base */,
			);
			name = LaunchScreen.storyboard;
			sourceTree = "<group>";
		};
/* End PBXVariantGroup section */

/* Begin XCBuildConfiguration section */
		246F8F7A1C21DC6F00D7B563 /* Debug */ = {
			isa = XCBuildConfiguration;
			buildSettings = {
				ALWAYS_SEARCH_USER_PATHS = NO;
				CLANG_CXX_LANGUAGE_STANDARD = "gnu++0x";
				CLANG_CXX_LIBRARY = "libc++";
				CLANG_ENABLE_MODULES = YES;
				CLANG_ENABLE_OBJC_ARC = YES;
				CLANG_WARN_BOOL_CONVERSION = YES;
				CLANG_WARN_CONSTANT_CONVERSION = YES;
				CLANG_WARN_DIRECT_OBJC_ISA_USAGE = YES_ERROR;
				CLANG_WARN_EMPTY_BODY = YES;
				CLANG_WARN_ENUM_CONVERSION = YES;
				CLANG_WARN_INT_CONVERSION = YES;
				CLANG_WARN_OBJC_ROOT_CLASS = YES_ERROR;
				CLANG_WARN_UNREACHABLE_CODE = YES;
				CLANG_WARN__DUPLICATE_METHOD_MATCH = YES;
				"CODE_SIGN_IDENTITY[sdk=iphoneos*]" = "iPhone Developer";
				COPY_PHASE_STRIP = NO;
				DEBUG_INFORMATION_FORMAT = dwarf;
				ENABLE_STRICT_OBJC_MSGSEND = YES;
				ENABLE_TESTABILITY = YES;
				GCC_C_LANGUAGE_STANDARD = gnu99;
				GCC_DYNAMIC_NO_PIC = NO;
				GCC_NO_COMMON_BLOCKS = YES;
				GCC_OPTIMIZATION_LEVEL = 0;
				GCC_PREPROCESSOR_DEFINITIONS = (
					"DEBUG=1",
					"$(inherited)",
				);
				GCC_WARN_64_TO_32_BIT_CONVERSION = YES;
				GCC_WARN_ABOUT_RETURN_TYPE = YES_ERROR;
				GCC_WARN_UNDECLARED_SELECTOR = YES;
				GCC_WARN_UNINITIALIZED_AUTOS = YES_AGGRESSIVE;
				GCC_WARN_UNUSED_FUNCTION = YES;
				GCC_WARN_UNUSED_VARIABLE = YES;
				IPHONEOS_DEPLOYMENT_TARGET = 9.2;
				MTL_ENABLE_DEBUG_INFO = YES;
				ONLY_ACTIVE_ARCH = YES;
				SDKROOT = iphoneos;
				SWIFT_OPTIMIZATION_LEVEL = "-Onone";
			};
			name = Debug;
		};
		246F8F7B1C21DC6F00D7B563 /* Release */ = {
			isa = XCBuildConfiguration;
			buildSettings = {
				ALWAYS_SEARCH_USER_PATHS = NO;
				CLANG_CXX_LANGUAGE_STANDARD = "gnu++0x";
				CLANG_CXX_LIBRARY = "libc++";
				CLANG_ENABLE_MODULES = YES;
				CLANG_ENABLE_OBJC_ARC = YES;
				CLANG_WARN_BOOL_CONVERSION = YES;
				CLANG_WARN_CONSTANT_CONVERSION = YES;
				CLANG_WARN_DIRECT_OBJC_ISA_USAGE = YES_ERROR;
				CLANG_WARN_EMPTY_BODY = YES;
				CLANG_WARN_ENUM_CONVERSION = YES;
				CLANG_WARN_INT_CONVERSION = YES;
				CLANG_WARN_OBJC_ROOT_CLASS = YES_ERROR;
				CLANG_WARN_UNREACHABLE_CODE = YES;
				CLANG_WARN__DUPLICATE_METHOD_MATCH = YES;
				"CODE_SIGN_IDENTITY[sdk=iphoneos*]" = "iPhone Developer";
				COPY_PHASE_STRIP = NO;
				DEBUG_INFORMATION_FORMAT = "dwarf-with-dsym";
				ENABLE_NS_ASSERTIONS = NO;
				ENABLE_STRICT_OBJC_MSGSEND = YES;
				GCC_C_LANGUAGE_STANDARD = gnu99;
				GCC_NO_COMMON_BLOCKS = YES;
				GCC_WARN_64_TO_32_BIT_CONVERSION = YES;
				GCC_WARN_ABOUT_RETURN_TYPE = YES_ERROR;
				GCC_WARN_UNDECLARED_SELECTOR = YES;
				GCC_WARN_UNINITIALIZED_AUTOS = YES_AGGRESSIVE;
				GCC_WARN_UNUSED_FUNCTION = YES;
				GCC_WARN_UNUSED_VARIABLE = YES;
				IPHONEOS_DEPLOYMENT_TARGET = 9.2;
				MTL_ENABLE_DEBUG_INFO = NO;
				SDKROOT = iphoneos;
				VALIDATE_PRODUCT = YES;
			};
			name = Release;
		};
		246F8F7D1C21DC6F00D7B563 /* Debug */ = {
			isa = XCBuildConfiguration;
			buildSettings = {
				ASSETCATALOG_COMPILER_APPICON_NAME = AppIcon;
				ASSETCATALOG_COMPILER_LAUNCHIMAGE_NAME = "Brand Assets";
				CODE_SIGN_IDENTITY = "iPhone Developer";
				"CODE_SIGN_IDENTITY[sdk=iphoneos*]" = "iPhone Developer";
				INFOPLIST_FILE = Tipper/Info.plist;
				IPHONEOS_DEPLOYMENT_TARGET = 9.1;
				LD_RUNPATH_SEARCH_PATHS = "$(inherited) @executable_path/Frameworks";
				PRODUCT_BUNDLE_IDENTIFIER = com.jls.Tipper;
				PRODUCT_NAME = "$(TARGET_NAME)";
				PROVISIONING_PROFILE = "";
				TARGETED_DEVICE_FAMILY = 1;
			};
			name = Debug;
		};
		246F8F7E1C21DC6F00D7B563 /* Release */ = {
			isa = XCBuildConfiguration;
			buildSettings = {
				ASSETCATALOG_COMPILER_APPICON_NAME = AppIcon;
				ASSETCATALOG_COMPILER_LAUNCHIMAGE_NAME = "Brand Assets";
				CODE_SIGN_IDENTITY = "iPhone Developer";
				"CODE_SIGN_IDENTITY[sdk=iphoneos*]" = "iPhone Developer";
				INFOPLIST_FILE = Tipper/Info.plist;
				IPHONEOS_DEPLOYMENT_TARGET = 9.1;
				LD_RUNPATH_SEARCH_PATHS = "$(inherited) @executable_path/Frameworks";
				PRODUCT_BUNDLE_IDENTIFIER = com.jls.Tipper;
				PRODUCT_NAME = "$(TARGET_NAME)";
				PROVISIONING_PROFILE = "";
				TARGETED_DEVICE_FAMILY = 1;
			};
			name = Release;
		};
		246F8F801C21DC6F00D7B563 /* Debug */ = {
			isa = XCBuildConfiguration;
			buildSettings = {
				BUNDLE_LOADER = "$(TEST_HOST)";
				INFOPLIST_FILE = TipperTests/Info.plist;
				LD_RUNPATH_SEARCH_PATHS = "$(inherited) @executable_path/Frameworks @loader_path/Frameworks";
				PRODUCT_BUNDLE_IDENTIFIER = com.jls.TipperTests;
				PRODUCT_NAME = "$(TARGET_NAME)";
				TEST_HOST = "$(BUILT_PRODUCTS_DIR)/Tipper.app/Tipper";
			};
			name = Debug;
		};
		246F8F811C21DC6F00D7B563 /* Release */ = {
			isa = XCBuildConfiguration;
			buildSettings = {
				BUNDLE_LOADER = "$(TEST_HOST)";
				INFOPLIST_FILE = TipperTests/Info.plist;
				LD_RUNPATH_SEARCH_PATHS = "$(inherited) @executable_path/Frameworks @loader_path/Frameworks";
				PRODUCT_BUNDLE_IDENTIFIER = com.jls.TipperTests;
				PRODUCT_NAME = "$(TARGET_NAME)";
				TEST_HOST = "$(BUILT_PRODUCTS_DIR)/Tipper.app/Tipper";
			};
			name = Release;
		};
		246F8F831C21DC6F00D7B563 /* Debug */ = {
			isa = XCBuildConfiguration;
			buildSettings = {
				INFOPLIST_FILE = TipperUITests/Info.plist;
				LD_RUNPATH_SEARCH_PATHS = "$(inherited) @executable_path/Frameworks @loader_path/Frameworks";
				PRODUCT_BUNDLE_IDENTIFIER = com.jls.TipperUITests;
				PRODUCT_NAME = "$(TARGET_NAME)";
				TEST_TARGET_NAME = Tipper;
				USES_XCTRUNNER = YES;
			};
			name = Debug;
		};
		246F8F841C21DC6F00D7B563 /* Release */ = {
			isa = XCBuildConfiguration;
			buildSettings = {
				INFOPLIST_FILE = TipperUITests/Info.plist;
				LD_RUNPATH_SEARCH_PATHS = "$(inherited) @executable_path/Frameworks @loader_path/Frameworks";
				PRODUCT_BUNDLE_IDENTIFIER = com.jls.TipperUITests;
				PRODUCT_NAME = "$(TARGET_NAME)";
				TEST_TARGET_NAME = Tipper;
				USES_XCTRUNNER = YES;
			};
			name = Release;
		};
/* End XCBuildConfiguration section */

/* Begin XCConfigurationList section */
		246F8F4F1C21DC6C00D7B563 /* Build configuration list for PBXProject "Tipper" */ = {
			isa = XCConfigurationList;
			buildConfigurations = (
				246F8F7A1C21DC6F00D7B563 /* Debug */,
				246F8F7B1C21DC6F00D7B563 /* Release */,
			);
			defaultConfigurationIsVisible = 0;
			defaultConfigurationName = Release;
		};
		246F8F7C1C21DC6F00D7B563 /* Build configuration list for PBXNativeTarget "Tipper" */ = {
			isa = XCConfigurationList;
			buildConfigurations = (
				246F8F7D1C21DC6F00D7B563 /* Debug */,
				246F8F7E1C21DC6F00D7B563 /* Release */,
			);
			defaultConfigurationIsVisible = 0;
			defaultConfigurationName = Release;
		};
		246F8F7F1C21DC6F00D7B563 /* Build configuration list for PBXNativeTarget "TipperTests" */ = {
			isa = XCConfigurationList;
			buildConfigurations = (
				246F8F801C21DC6F00D7B563 /* Debug */,
				246F8F811C21DC6F00D7B563 /* Release */,
			);
			defaultConfigurationIsVisible = 0;
			defaultConfigurationName = Release;
		};
		246F8F821C21DC6F00D7B563 /* Build configuration list for PBXNativeTarget "TipperUITests" */ = {
			isa = XCConfigurationList;
			buildConfigurations = (
				246F8F831C21DC6F00D7B563 /* Debug */,
				246F8F841C21DC6F00D7B563 /* Release */,
			);
			defaultConfigurationIsVisible = 0;
			defaultConfigurationName = Release;
		};
/* End XCConfigurationList section */
	};
	rootObject = 246F8F4C1C21DC6C00D7B563 /* Project object */;
}
